
Microsoft Visual Studio Solution File, Format Version 12.00
# Visual Studio Version 17
VisualStudioVersion = 17.8.34309.116
MinimumVisualStudioVersion = 10.0.40219.1
Project("{FAE04EC0-301F-11D3-BF4B-00C04F79EFBC}") = "last", "last\last.csproj", "{91525CBF-973C-4D3C-86D0-219DF1086188}"
EndProject
Global
	GlobalSection(SolutionConfigurationPlatforms) = preSolution
		Debug|Any CPU = Debug|Any CPU
		Release|Any CPU = Release|Any CPU
	EndGlobalSection
	GlobalSection(ProjectConfigurationPlatforms) = postSolution
		{91525CBF-973C-4D3C-86D0-219DF1086188}.Debug|Any CPU.ActiveCfg = Debug|Any CPU
		{91525CBF-973C-4D3C-86D0-219DF1086188}.Debug|Any CPU.Build.0 = Debug|Any CPU
		{91525CBF-973C-4D3C-86D0-219DF1086188}.Release|Any CPU.ActiveCfg = Release|Any CPU
		{91525CBF-973C-4D3C-86D0-219DF1086188}.Release|Any CPU.Build.0 = Release|Any CPU
	EndGlobalSection
	GlobalSection(SolutionProperties) = preSolution
		HideSolutionNode = FALSE
	EndGlobalSection
	GlobalSection(ExtensibilityGlobals) = postSolution
		SolutionGuid = {6EB8405A-1098-4434-BB1D-A2673235D33B}
	EndGlobalSection
EndGlobal
